
Microsoft Visual Studio Solution File, Format Version 12.00
# Visual Studio Version 16
VisualStudioVersion = 16.0.30114.105
MinimumVisualStudioVersion = 10.0.40219.1
Project("{F2A71F9B-5D33-465A-A702-920D77279786}") = "Klondike", "Klondike\Klondike.fsproj", "{1AED7050-5E56-4066-8060-5C9BAEEE8C95}"
EndProject
Global
	GlobalSection(SolutionConfigurationPlatforms) = preSolution
		Debug|Any CPU = Debug|Any CPU
		Release|Any CPU = Release|Any CPU
	EndGlobalSection
	GlobalSection(SolutionProperties) = preSolution
		HideSolutionNode = FALSE
	EndGlobalSection
	GlobalSection(ProjectConfigurationPlatforms) = postSolution
		{1AED7050-5E56-4066-8060-5C9BAEEE8C95}.Debug|Any CPU.ActiveCfg = Debug|Any CPU
		{1AED7050-5E56-4066-8060-5C9BAEEE8C95}.Debug|Any CPU.Build.0 = Debug|Any CPU
		{1AED7050-5E56-4066-8060-5C9BAEEE8C95}.Release|Any CPU.ActiveCfg = Release|Any CPU
		{1AED7050-5E56-4066-8060-5C9BAEEE8C95}.Release|Any CPU.Build.0 = Release|Any CPU
	EndGlobalSection
EndGlobal
